{
  "version": 4,
  "terraform_version": "1.5.7",
  "serial": 52,
  "lineage": "f33d784b-6a0d-515b-fe59-1fb310b913b4",
  "outputs": {},
  "resources": [
    {
      "mode": "data",
      "type": "archive_file",
      "name": "content",
      "provider": "provider[\"registry.terraform.io/hashicorp/archive\"]",
      "instances": [
        {
          "schema_version": 0,
          "attributes": {
            "exclude_symlink_directories": null,
            "excludes": null,
            "id": "609cbcef89f6e2ed3dc340a729641839cf6e2614",
            "output_base64sha256": "PhtuY0UwhFLAAJ2aGkFllOW3lUWW+EjSD9wZqcXpkbo=",
            "output_base64sha512": "wjBmLc0vqYbhgOyFSdf5VyGj8E0Mg0Df55VeAMy4HJB594HdJqD0gPMEPwzZSS7R8WYmNjIsRiKzjd50Jal4ag==",
            "output_file_mode": null,
            "output_md5": "c0b60496551544d6272c40b036c17f6d",
            "output_path": "./build/hash.zip",
            "output_sha": "609cbcef89f6e2ed3dc340a729641839cf6e2614",
            "output_sha256": "3e1b6e6345308452c0009d9a1a416594e5b7954596f848d20fdc19a9c5e991ba",
            "output_sha512": "c230662dcd2fa986e180ec8549d7f95721a3f04d0c8340dfe7955e00ccb81c9079f781dd26a0f480f3043f0cd9492ed1f1662636322c4622b38dde7425a9786a",
            "output_size": 2557,
            "source": [],
            "source_content": null,
            "source_content_filename": null,
            "source_dir": "/Users/karina/Desktop/VvOT/src",
            "source_file": null,
            "type": "zip"
          },
          "sensitive_attributes": []
        }
      ]
    },
    {
      "mode": "managed",
      "type": "local_file",
      "name": "user_hash_file",
      "provider": "provider[\"registry.terraform.io/hashicorp/local\"]",
      "instances": [
        {
          "schema_version": 0,
          "attributes": {
            "content": "c230662dcd2fa986e180ec8549d7f95721a3f04d0c8340dfe7955e00ccb81c9079f781dd26a0f480f3043f0cd9492ed1f1662636322c4622b38dde7425a9786a",
            "content_base64": null,
            "content_base64sha256": "3WQan6cQW6BjM8Gjs+L0JlIbk3kK27smld/qS5oy4HY=",
            "content_base64sha512": "RbvkDqNpeuUMdSfG84CaR4AAoItGYqC4U+9V7SVd5A6l4dSoMoMCGLcZBPb229Qk6fQrW1q+Yjbp1ohN74/rjA==",
            "content_md5": "89361b77b1aac029969debe0647febce",
            "content_sha1": "507295be4cdf0d9b5ae6236aca53cc95cb4fb3a0",
            "content_sha256": "dd641a9fa7105ba06333c1a3b3e2f426521b93790adbbb2695dfea4b9a32e076",
            "content_sha512": "45bbe40ea3697ae50c7527c6f3809a478000a08b4662a0b853ef55ed255de40ea5e1d4a832830218b71904f6f6dbd424e9f42b5b5abe6236e9d6884def8feb8c",
            "directory_permission": "0777",
            "file_permission": "0777",
            "filename": "../src/build/hash/user_hash.txt",
            "id": "507295be4cdf0d9b5ae6236aca53cc95cb4fb3a0",
            "sensitive_content": null,
            "source": null
          },
          "sensitive_attributes": [],
          "dependencies": [
            "data.archive_file.content"
          ]
        }
      ]
    },
    {
      "mode": "managed",
      "type": "null_resource",
      "name": "delete_webhook",
      "provider": "provider[\"registry.terraform.io/hashicorp/null\"]",
      "instances": [
        {
          "schema_version": 0,
          "attributes": {
            "id": "1396453935718382267",
            "triggers": {
              "tg_bot_key": "7921561239:AAE3qZQYKKXPFyT81iW2RV9HqeUDEUzZ018"
            }
          },
          "sensitive_attributes": []
        }
      ]
    },
    {
      "mode": "managed",
      "type": "telegram_bot_webhook",
      "name": "telegram_bot_webhook",
      "provider": "provider[\"registry.terraform.io/yi-jiayu/telegram\"]",
      "instances": []
    },
    {
      "mode": "managed",
      "type": "yandex_function",
      "name": "telegram_bot_function",
      "provider": "provider[\"registry.terraform.io/yandex-cloud/yandex\"]",
      "instances": []
    },
    {
      "mode": "managed",
      "type": "yandex_iam_service_account_static_access_key",
      "name": "sa-static-key",
      "provider": "provider[\"registry.terraform.io/yandex-cloud/yandex\"]",
      "instances": []
    },
    {
      "mode": "managed",
      "type": "yandex_resourcemanager_folder_iam_member",
      "name": "sa-editor",
      "provider": "provider[\"registry.terraform.io/yandex-cloud/yandex\"]",
      "instances": []
    },
    {
      "mode": "managed",
      "type": "yandex_resourcemanager_folder_iam_member",
      "name": "sa_storage_viewer_iam",
      "provider": "provider[\"registry.terraform.io/yandex-cloud/yandex\"]",
      "instances": []
    },
    {
      "mode": "managed",
      "type": "yandex_resourcemanager_folder_iam_member",
      "name": "sa_telegram_bot_function_invoker",
      "provider": "provider[\"registry.terraform.io/yandex-cloud/yandex\"]",
      "instances": []
    },
    {
      "mode": "managed",
      "type": "yandex_resourcemanager_folder_iam_member",
      "name": "sa_telegram_bot_function_manager",
      "provider": "provider[\"registry.terraform.io/yandex-cloud/yandex\"]",
      "instances": []
    },
    {
      "mode": "managed",
      "type": "yandex_resourcemanager_folder_iam_member",
      "name": "sa_telegram_bot_storage_editor",
      "provider": "provider[\"registry.terraform.io/yandex-cloud/yandex\"]",
      "instances": []
    },
    {
      "mode": "managed",
      "type": "yandex_resourcemanager_folder_iam_member",
      "name": "sa_telegram_bot_storage_viewer_iam",
      "provider": "provider[\"registry.terraform.io/yandex-cloud/yandex\"]",
      "instances": []
    },
    {
      "mode": "managed",
      "type": "yandex_storage_object",
      "name": "yandexgpt_instruction",
      "provider": "provider[\"registry.terraform.io/yandex-cloud/yandex\"]",
      "instances": []
    }
  ],
  "check_results": null
}
